dependencies:
- name: prometheus
  repository: https://prometheus-community.github.io/helm-charts
  version: 28.14.1
- name: loki-stack
  repository: https://grafana.github.io/helm-charts
  version: 2.10.3
- name: grafana
  repository: https://grafana-community.github.io/helm-charts
  version: 11.3.6
- name: kepler
  repository: https://sustainable-computing-io.github.io/kepler-helm-chart
  version: 0.5.13
digest: sha256:2b2653caa7527563deded702289340c7d90f161f9e7577cfc78b9a53832b78a7
generated: "2026-03-27T16:43:10.332451195+01:00"
