dependencies:
- name: prometheus
  repository: https://prometheus-community.github.io/helm-charts
  version: 25.6.0
- name: loki-stack
  repository: https://grafana.github.io/helm-charts
  version: 2.9.11
- name: grafana
  repository: https://grafana.github.io/helm-charts
  version: 7.0.8
- name: kepler
  repository: https://sustainable-computing-io.github.io/kepler-helm-chart
  version: 0.5.2
digest: sha256:7a2ee7900a11cdb94a1d66ccf3062891f1ddbff4429127251c4c8dd60ee036a3
generated: "2023-11-22T15:06:56.4682977+01:00"
